
Microsoft Visual Studio Solution File, Format Version 12.00
# Visual Studio Version 17
VisualStudioVersion = 17.14.36301.6 d17.14
MinimumVisualStudioVersion = 10.0.40219.1
Project("{FAE04EC0-301F-11D3-BF4B-00C04F79EFBC}") = "phone", "phone\phone.csproj", "{A216F79A-49D9-4415-B0A2-FB94D37F5DE3}"
EndProject
Global
	GlobalSection(SolutionConfigurationPlatforms) = preSolution
		Debug|Any CPU = Debug|Any CPU
		Release|Any CPU = Release|Any CPU
	EndGlobalSection
	GlobalSection(ProjectConfigurationPlatforms) = postSolution
		{A216F79A-49D9-4415-B0A2-FB94D37F5DE3}.Debug|Any CPU.ActiveCfg = Debug|Any CPU
		{A216F79A-49D9-4415-B0A2-FB94D37F5DE3}.Debug|Any CPU.Build.0 = Debug|Any CPU
		{A216F79A-49D9-4415-B0A2-FB94D37F5DE3}.Release|Any CPU.ActiveCfg = Release|Any CPU
		{A216F79A-49D9-4415-B0A2-FB94D37F5DE3}.Release|Any CPU.Build.0 = Release|Any CPU
	EndGlobalSection
	GlobalSection(SolutionProperties) = preSolution
		HideSolutionNode = FALSE
	EndGlobalSection
	GlobalSection(ExtensibilityGlobals) = postSolution
		SolutionGuid = {2D682079-5408-42B1-A475-B15C89B8E687}
	EndGlobalSection
EndGlobal
